
Microsoft Visual Studio Solution File, Format Version 12.00
# Visual Studio Version 16
VisualStudioVersion = 16.0.29613.14
MinimumVisualStudioVersion = 10.0.40219.1
Project("{FAE04EC0-301F-11D3-BF4B-00C04F79EFBC}") = "DrankAutomaat", "DrankAutomaat\DrankAutomaat.csproj", "{7F735558-DC8C-4E66-A5F0-BD117BC68DF1}"
EndProject
Global
	GlobalSection(SolutionConfigurationPlatforms) = preSolution
		Debug|Any CPU = Debug|Any CPU
		Release|Any CPU = Release|Any CPU
	EndGlobalSection
	GlobalSection(ProjectConfigurationPlatforms) = postSolution
		{7F735558-DC8C-4E66-A5F0-BD117BC68DF1}.Debug|Any CPU.ActiveCfg = Debug|Any CPU
		{7F735558-DC8C-4E66-A5F0-BD117BC68DF1}.Debug|Any CPU.Build.0 = Debug|Any CPU
		{7F735558-DC8C-4E66-A5F0-BD117BC68DF1}.Release|Any CPU.ActiveCfg = Release|Any CPU
		{7F735558-DC8C-4E66-A5F0-BD117BC68DF1}.Release|Any CPU.Build.0 = Release|Any CPU
	EndGlobalSection
	GlobalSection(SolutionProperties) = preSolution
		HideSolutionNode = FALSE
	EndGlobalSection
	GlobalSection(ExtensibilityGlobals) = postSolution
		SolutionGuid = {B55F40C3-8C29-4C0F-8EAF-02B013F4A152}
	EndGlobalSection
EndGlobal
